
Microsoft Visual Studio Solution File, Format Version 12.00
# Visual Studio Version 17
VisualStudioVersion = 17.8.34330.188
MinimumVisualStudioVersion = 10.0.40219.1
Project("{FAE04EC0-301F-11D3-BF4B-00C04F79EFBC}") = "Apstract-Virtual-Arv", "Apstract-Virtual-Arv\Apstract-Virtual-Arv.csproj", "{B57A2C47-8093-464C-8537-D08685B5C14D}"
EndProject
Global
	GlobalSection(SolutionConfigurationPlatforms) = preSolution
		Debug|Any CPU = Debug|Any CPU
		Release|Any CPU = Release|Any CPU
	EndGlobalSection
	GlobalSection(ProjectConfigurationPlatforms) = postSolution
		{B57A2C47-8093-464C-8537-D08685B5C14D}.Debug|Any CPU.ActiveCfg = Debug|Any CPU
		{B57A2C47-8093-464C-8537-D08685B5C14D}.Debug|Any CPU.Build.0 = Debug|Any CPU
		{B57A2C47-8093-464C-8537-D08685B5C14D}.Release|Any CPU.ActiveCfg = Release|Any CPU
		{B57A2C47-8093-464C-8537-D08685B5C14D}.Release|Any CPU.Build.0 = Release|Any CPU
	EndGlobalSection
	GlobalSection(SolutionProperties) = preSolution
		HideSolutionNode = FALSE
	EndGlobalSection
	GlobalSection(ExtensibilityGlobals) = postSolution
		SolutionGuid = {7D182AC5-A36D-42F0-9FE5-31CD2B1D34A2}
	EndGlobalSection
EndGlobal
